[[package]]
category = "main"
description = "Screen-scraping library"
name = "beautifulsoup4"
optional = false
python-versions = "*"
version = "4.9.3"

[package.dependencies]
[package.dependencies.soupsieve]
python = ">=3.0"
version = ">1.2"

[package.extras]
html5lib = ["html5lib"]
lxml = ["lxml"]

[[package]]
category = "main"
description = "Confluent's Python client for Apache Kafka"
name = "confluent-kafka"
optional = false
python-versions = "*"
version = "1.5.0"

[package.extras]
avro = ["fastavro (>=0.23.0)", "requests", "avro (1.10.0)", "avro-python3 (1.10.0)"]
dev = ["pytest-timeout", "flake8", "fastavro (>=0.23.0)", "requests", "pytest (4.6.4)", "avro (1.10.0)", "avro-python3 (1.10.0)", "pytest"]
doc = ["sphinx", "sphinx-rtd-theme", "fastavro (>=0.23.0)", "requests", "avro (1.10.0)", "avro-python3 (1.10.0)"]
json = ["jsonschema", "requests"]
protobuf = ["protobuf", "requests"]
schema-registry = ["requests"]

[[package]]
category = "main"
description = "Add .env support to your django/flask apps in development and deployments"
name = "python-dotenv"
optional = false
python-versions = "*"
version = "0.14.0"

[package.extras]
cli = ["click (>=5.0)"]

[[package]]
category = "main"
description = "Python bindings for Selenium"
name = "selenium"
optional = false
python-versions = "*"
version = "3.141.0"

[package.dependencies]
urllib3 = "*"

[[package]]
category = "main"
description = "A modern CSS selector implementation for Beautiful Soup."
marker = "python_version >= \"3.0\""
name = "soupsieve"
optional = false
python-versions = ">=3.5"
version = "2.0.1"

[[package]]
category = "main"
description = "HTTP library with thread-safe connection pooling, file post, and more."
name = "urllib3"
optional = false
python-versions = ">=2.7, !=3.0.*, !=3.1.*, !=3.2.*, !=3.3.*, !=3.4.*, <4"
version = "1.25.11"

[package.extras]
brotli = ["brotlipy (>=0.6.0)"]
secure = ["pyOpenSSL (>=0.14)", "cryptography (>=1.3.4)", "idna (>=2.0.0)", "certifi", "ipaddress"]
socks = ["PySocks (>=1.5.6,<1.5.7 || >1.5.7,<2.0)"]

[metadata]
content-hash = "90d55c737ab43dced720a60aa48da5dad9057417483a26dd97edbe6531de5396"
python-versions = "^3.8"

[metadata.files]
beautifulsoup4 = [
    {file = "beautifulsoup4-4.9.3-py2-none-any.whl", hash = "sha256:4c98143716ef1cb40bf7f39a8e3eec8f8b009509e74904ba3a7b315431577e35"},
    {file = "beautifulsoup4-4.9.3-py3-none-any.whl", hash = "sha256:fff47e031e34ec82bf17e00da8f592fe7de69aeea38be00523c04623c04fb666"},
    {file = "beautifulsoup4-4.9.3.tar.gz", hash = "sha256:84729e322ad1d5b4d25f805bfa05b902dd96450f43842c4e99067d5e1369eb25"},
]
confluent-kafka = [
    {file = "confluent-kafka-1.5.0.tar.gz", hash = "sha256:9ac812006000887f76c95b8a33a9f0b65845bf072fbc54a42a1acffd34e41120"},
    {file = "confluent_kafka-1.5.0-cp27-cp27m-macosx_10_6_intel.whl", hash = "sha256:a116382ae67e0d6a54684bab4ee9b1be54e789d031a6e5e74c3edc657c79d23c"},
    {file = "confluent_kafka-1.5.0-cp27-cp27m-manylinux1_i686.whl", hash = "sha256:9534cd2c0313df75b70eb4cf729382998970d97bbdda5cf3aef7081b855ccebe"},
    {file = "confluent_kafka-1.5.0-cp27-cp27m-manylinux1_x86_64.whl", hash = "sha256:85ff4823770ce2efaabb46d88e5ae26a840e0051fd481abaa805f21a5a84d003"},
    {file = "confluent_kafka-1.5.0-cp27-cp27m-win32.whl", hash = "sha256:5a1c47320d6afc5b2599f8f8e143aed6845a2d903facde984606e02f10f11221"},
    {file = "confluent_kafka-1.5.0-cp27-cp27m-win_amd64.whl", hash = "sha256:dabed41cc60d1fc6d3cb44a90fe02e5192c9bf0f73c7b35761981e62ecabc592"},
    {file = "confluent_kafka-1.5.0-cp27-cp27mu-manylinux1_i686.whl", hash = "sha256:3034cacc3b0d03eb3ce39cc5a64c1070d223870246f5d90c9113996be9db7df8"},
    {file = "confluent_kafka-1.5.0-cp27-cp27mu-manylinux1_x86_64.whl", hash = "sha256:7b03bd9cc7b5e4df0a27eed359762c61a35313d4981ef1d9b418069eee454e66"},
    {file = "confluent_kafka-1.5.0-cp35-cp35m-macosx_10_6_intel.whl", hash = "sha256:3e2d4f55ca952aeada3831d6615dc13a8a42c8e97175855ca08bbc6e6091b080"},
    {file = "confluent_kafka-1.5.0-cp35-cp35m-manylinux1_i686.whl", hash = "sha256:c7461d6db081c23a6d38ceba348e7c178d7e974cf22c45ba8a4918ecb8855a44"},
    {file = "confluent_kafka-1.5.0-cp35-cp35m-manylinux1_x86_64.whl", hash = "sha256:175c7064c8f19975616974558c45f42c147a202d4b1c0b0a83afefb920367696"},
    {file = "confluent_kafka-1.5.0-cp35-cp35m-win32.whl", hash = "sha256:eba169a9de8c978c9f33c763857c5279eceac46a4fd55a381c2528b9d4b3359e"},
    {file = "confluent_kafka-1.5.0-cp35-cp35m-win_amd64.whl", hash = "sha256:bbd9633552840ab9367fb762ea21272759db8caec2c34ff16ee28be177644cdf"},
    {file = "confluent_kafka-1.5.0-cp36-cp36m-macosx_10_6_intel.whl", hash = "sha256:bb77276d569f511abe4a5b32a53f8a30285bc7be68219e5711a44720bf356ac2"},
    {file = "confluent_kafka-1.5.0-cp36-cp36m-manylinux1_i686.whl", hash = "sha256:9a1c77291c1ac4b991aa0358f2f44636686eb8f52fb628502d30c312160a14e9"},
    {file = "confluent_kafka-1.5.0-cp36-cp36m-manylinux1_x86_64.whl", hash = "sha256:13b0e2011560f461ff39daf38089dd7f91404b3e66dba0456ccce0700f93c4f2"},
    {file = "confluent_kafka-1.5.0-cp36-cp36m-win32.whl", hash = "sha256:22d7201d1aa89f1c5546749e781492925ed3eb0d7bd8f781fc57294cd45ddde3"},
    {file = "confluent_kafka-1.5.0-cp36-cp36m-win_amd64.whl", hash = "sha256:d6a5d4c72360a75e875e88f7cce42b66a786d037ca2002303ab1c580d49caf53"},
    {file = "confluent_kafka-1.5.0-cp37-cp37m-macosx_10_6_intel.whl", hash = "sha256:0a59afbb90bdd22b9acdd3bb134f5ee1dff3cc5df55eaf52bf97b2f8d0d00de3"},
    {file = "confluent_kafka-1.5.0-cp37-cp37m-manylinux1_i686.whl", hash = "sha256:f2d1ee0bfdf618017bbfaa42406546155c1a86263e4f286295318578c723803b"},
    {file = "confluent_kafka-1.5.0-cp37-cp37m-manylinux1_x86_64.whl", hash = "sha256:dd544847c713eeeb525031348ff6ffea4ecdd11c13590893e599a9d4676a9bd4"},
    {file = "confluent_kafka-1.5.0-cp37-cp37m-win32.whl", hash = "sha256:00acc73f7d49961bf427f5e4fd6c0a220a6bfa5ccc91e0ad1f9ffa1751a169b0"},
    {file = "confluent_kafka-1.5.0-cp37-cp37m-win_amd64.whl", hash = "sha256:b1c89f3653385acc5da71570e03281f35ac6960367f2b2a426ae431deb1a1a35"},
    {file = "confluent_kafka-1.5.0-cp38-cp38-macosx_10_9_x86_64.whl", hash = "sha256:99b13d0957a5967c85aee6138ef5f9acec90294267a549c5683744f20cf5d7b4"},
    {file = "confluent_kafka-1.5.0-cp38-cp38-manylinux1_i686.whl", hash = "sha256:bfdfa81e4e72d2c24e408a5e199aae0a477499ae40647dfa6906d002d9b07f38"},
    {file = "confluent_kafka-1.5.0-cp38-cp38-manylinux1_x86_64.whl", hash = "sha256:9c47b8aacfe347bffd86bf75b98626718912b63df87f256dff1abc06a0355410"},
]
python-dotenv = [
    {file = "python-dotenv-0.14.0.tar.gz", hash = "sha256:8c10c99a1b25d9a68058a1ad6f90381a62ba68230ca93966882a4dbc3bc9c33d"},
    {file = "python_dotenv-0.14.0-py2.py3-none-any.whl", hash = "sha256:c10863aee750ad720f4f43436565e4c1698798d763b63234fb5021b6c616e423"},
]
selenium = [
    {file = "selenium-3.141.0-py2.py3-none-any.whl", hash = "sha256:2d7131d7bc5a5b99a2d9b04aaf2612c411b03b8ca1b1ee8d3de5845a9be2cb3c"},
    {file = "selenium-3.141.0.tar.gz", hash = "sha256:deaf32b60ad91a4611b98d8002757f29e6f2c2d5fcaf202e1c9ad06d6772300d"},
]
soupsieve = [
    {file = "soupsieve-2.0.1-py3-none-any.whl", hash = "sha256:1634eea42ab371d3d346309b93df7870a88610f0725d47528be902a0d95ecc55"},
    {file = "soupsieve-2.0.1.tar.gz", hash = "sha256:a59dc181727e95d25f781f0eb4fd1825ff45590ec8ff49eadfd7f1a537cc0232"},
]
urllib3 = [
    {file = "urllib3-1.25.11-py2.py3-none-any.whl", hash = "sha256:f5321fbe4bf3fefa0efd0bfe7fb14e90909eb62a48ccda331726b4319897dd5e"},
    {file = "urllib3-1.25.11.tar.gz", hash = "sha256:8d7eaa5a82a1cac232164990f04874c594c9453ec55eef02eab885aa02fc17a2"},
]
